
Microsoft Visual Studio Solution File, Format Version 12.00
# Visual Studio Version 17
VisualStudioVersion = 17.3.32825.248
MinimumVisualStudioVersion = 10.0.40219.1
Project("{9A19103F-16F7-4668-BE54-9A1E7A4F7556}") = "AdsAuthentication .Web", "AdsAuthentication .Web\AdsAuthentication .Web.csproj", "{F29C60B2-D55B-42DF-B4A5-5E3BF53AB270}"
EndProject
Project("{9A19103F-16F7-4668-BE54-9A1E7A4F7556}") = "AdsAuthentication.Data", "AdsAuthenticationRepository.Data\AdsAuthentication.Data.csproj", "{552AA3E9-16EB-45F2-A715-991BB2A6ED73}"
EndProject
Global
	GlobalSection(SolutionConfigurationPlatforms) = preSolution
		Debug|Any CPU = Debug|Any CPU
		Release|Any CPU = Release|Any CPU
	EndGlobalSection
	GlobalSection(ProjectConfigurationPlatforms) = postSolution
		{F29C60B2-D55B-42DF-B4A5-5E3BF53AB270}.Debug|Any CPU.ActiveCfg = Debug|Any CPU
		{F29C60B2-D55B-42DF-B4A5-5E3BF53AB270}.Debug|Any CPU.Build.0 = Debug|Any CPU
		{F29C60B2-D55B-42DF-B4A5-5E3BF53AB270}.Release|Any CPU.ActiveCfg = Release|Any CPU
		{F29C60B2-D55B-42DF-B4A5-5E3BF53AB270}.Release|Any CPU.Build.0 = Release|Any CPU
		{552AA3E9-16EB-45F2-A715-991BB2A6ED73}.Debug|Any CPU.ActiveCfg = Debug|Any CPU
		{552AA3E9-16EB-45F2-A715-991BB2A6ED73}.Debug|Any CPU.Build.0 = Debug|Any CPU
		{552AA3E9-16EB-45F2-A715-991BB2A6ED73}.Release|Any CPU.ActiveCfg = Release|Any CPU
		{552AA3E9-16EB-45F2-A715-991BB2A6ED73}.Release|Any CPU.Build.0 = Release|Any CPU
	EndGlobalSection
	GlobalSection(SolutionProperties) = preSolution
		HideSolutionNode = FALSE
	EndGlobalSection
	GlobalSection(ExtensibilityGlobals) = postSolution
		SolutionGuid = {9C29F28C-2C37-4F64-A389-FEDE5AF33EED}
	EndGlobalSection
EndGlobal
